
Microsoft Visual Studio Solution File, Format Version 12.00
# Visual Studio 15
Project("{FAE04EC0-301F-11D3-BF4B-00C04F79EFBC}") = "Assembly-CSharp-Editor-firstpass", "Assembly-CSharp-Editor-firstpass.csproj", "{339DBFE8-65AF-97FE-BB67-0FACA35F691E}"
EndProject
Global
	GlobalSection(SolutionConfigurationPlatforms) = preSolution
		Debug|Any CPU = Debug|Any CPU
		Release|Any CPU = Release|Any CPU
	EndGlobalSection
	GlobalSection(ProjectConfigurationPlatforms) = postSolution
		{339DBFE8-65AF-97FE-BB67-0FACA35F691E}.Debug|Any CPU.ActiveCfg = Debug|Any CPU
		{339DBFE8-65AF-97FE-BB67-0FACA35F691E}.Debug|Any CPU.Build.0 = Debug|Any CPU
		{339DBFE8-65AF-97FE-BB67-0FACA35F691E}.Release|Any CPU.ActiveCfg = Release|Any CPU
		{339DBFE8-65AF-97FE-BB67-0FACA35F691E}.Release|Any CPU.Build.0 = Release|Any CPU
	EndGlobalSection
	GlobalSection(SolutionProperties) = preSolution
		HideSolutionNode = FALSE
	EndGlobalSection
EndGlobal
